
Microsoft Visual Studio Solution File, Format Version 12.00
# Visual Studio Version 16
VisualStudioVersion = 16.0.30621.155
MinimumVisualStudioVersion = 10.0.40219.1
Project("{8BC9CEB8-8B4A-11D0-8D11-00A0C91BC942}") = "4-lab", "4-lab.vcxproj", "{69683523-60A6-4C5A-840B-F36CE383DC05}"
EndProject
Global
	GlobalSection(SolutionConfigurationPlatforms) = preSolution
		Debug|x64 = Debug|x64
		Release|x64 = Release|x64
	EndGlobalSection
	GlobalSection(ProjectConfigurationPlatforms) = postSolution
		{69683523-60A6-4C5A-840B-F36CE383DC05}.Debug|x64.ActiveCfg = Debug|x64
		{69683523-60A6-4C5A-840B-F36CE383DC05}.Debug|x64.Build.0 = Debug|x64
		{69683523-60A6-4C5A-840B-F36CE383DC05}.Release|x64.ActiveCfg = Release|x64
		{69683523-60A6-4C5A-840B-F36CE383DC05}.Release|x64.Build.0 = Release|x64
	EndGlobalSection
	GlobalSection(SolutionProperties) = preSolution
		HideSolutionNode = FALSE
	EndGlobalSection
	GlobalSection(ExtensibilityGlobals) = postSolution
		SolutionGuid = {5681892E-9EF2-4C81-911F-DBD93D8C92F2}
	EndGlobalSection
EndGlobal
